// !$*UTF8*$!
{
	archiveVersion = 1;
	classes = {
	};
	objectVersion = 46;
	objects = {

/* Begin PBXBuildFile section */
		C89A7D6F174E0837006DFB76 /* Cocoa.framework in Frameworks */ = {isa = PBXBuildFile; fileRef = C89A7D6E174E0837006DFB76 /* Cocoa.framework */; };
		C89A7D79174E0837006DFB76 /* InfoPlist.strings in Resources */ = {isa = PBXBuildFile; fileRef = C89A7D77174E0837006DFB76 /* InfoPlist.strings */; };
		C89A7D7B174E0837006DFB76 /* main.m in Sources */ = {isa = PBXBuildFile; fileRef = C89A7D7A174E0837006DFB76 /* main.m */; };
		C89A7D7F174E0837006DFB76 /* Credits.rtf in Resources */ = {isa = PBXBuildFile; fileRef = C89A7D7D174E0837006DFB76 /* Credits.rtf */; };
		C89A7D82174E0837006DFB76 /* Document.mm in Sources */ = {isa = PBXBuildFile; fileRef = C89A7D81174E0837006DFB76 /* Document.mm */; };
		C89A7D85174E0837006DFB76 /* Document.xib in Resources */ = {isa = PBXBuildFile; fileRef = C89A7D83174E0837006DFB76 /* Document.xib */; };
		C89A7D88174E0837006DFB76 /* MainMenu.xib in Resources */ = {isa = PBXBuildFile; fileRef = C89A7D86174E0837006DFB76 /* MainMenu.xib */; };
		C89A7D95174E08EE006DFB76 /* parse_data.cpp in Sources */ = {isa = PBXBuildFile; fileRef = C89A7D8F174E08EE006DFB76 /* parse_data.cpp */; };
		C89A7D96174E08EE006DFB76 /* pugixml.cpp in Sources */ = {isa = PBXBuildFile; fileRef = C89A7D93174E08EE006DFB76 /* pugixml.cpp */; };
		FD990EBF1775D7FA00690BFE /* codecvt_error_category.cpp in Sources */ = {isa = PBXBuildFile; fileRef = FD990E091775D7FA00690BFE /* codecvt_error_category.cpp */; };
		FD990EC01775D7FA00690BFE /* operations.cpp in Sources */ = {isa = PBXBuildFile; fileRef = FD990E0A1775D7FA00690BFE /* operations.cpp */; };
		FD990EC11775D7FA00690BFE /* path.cpp in Sources */ = {isa = PBXBuildFile; fileRef = FD990E0B1775D7FA00690BFE /* path.cpp */; };
		FD990EC21775D7FA00690BFE /* path_traits.cpp in Sources */ = {isa = PBXBuildFile; fileRef = FD990E0C1775D7FA00690BFE /* path_traits.cpp */; };
		FD990EC31775D7FA00690BFE /* portability.cpp in Sources */ = {isa = PBXBuildFile; fileRef = FD990E0D1775D7FA00690BFE /* portability.cpp */; };
		FD990EC41775D7FA00690BFE /* unique_path.cpp in Sources */ = {isa = PBXBuildFile; fileRef = FD990E0E1775D7FA00690BFE /* unique_path.cpp */; };
		FD990EC51775D7FA00690BFE /* utf8_codecvt_facet.cpp in Sources */ = {isa = PBXBuildFile; fileRef = FD990E0F1775D7FA00690BFE /* utf8_codecvt_facet.cpp */; };
		FD990EC61775D7FA00690BFE /* windows_file_codecvt.cpp in Sources */ = {isa = PBXBuildFile; fileRef = FD990E101775D7FA00690BFE /* windows_file_codecvt.cpp */; };
		FD990F181775D7FA00690BFE /* error_code.cpp in Sources */ = {isa = PBXBuildFile; fileRef = FD990F041775D7FA00690BFE /* error_code.cpp */; };
/* End PBXBuildFile section */

/* Begin PBXFileReference section */
		C89A7D6B174E0837006DFB76 /* get_ad2.app */ = {isa = PBXFileReference; explicitFileType = wrapper.application; includeInIndex = 0; path = get_ad2.app; sourceTree = BUILT_PRODUCTS_DIR; };
		C89A7D6E174E0837006DFB76 /* Cocoa.framework */ = {isa = PBXFileReference; lastKnownFileType = wrapper.framework; name = Cocoa.framework; path = System/Library/Frameworks/Cocoa.framework; sourceTree = SDKROOT; };
		C89A7D71174E0837006DFB76 /* AppKit.framework */ = {isa = PBXFileReference; lastKnownFileType = wrapper.framework; name = AppKit.framework; path = System/Library/Frameworks/AppKit.framework; sourceTree = SDKROOT; };
		C89A7D72174E0837006DFB76 /* CoreData.framework */ = {isa = PBXFileReference; lastKnownFileType = wrapper.framework; name = CoreData.framework; path = System/Library/Frameworks/CoreData.framework; sourceTree = SDKROOT; };
		C89A7D73174E0837006DFB76 /* Foundation.framework */ = {isa = PBXFileReference; lastKnownFileType = wrapper.framework; name = Foundation.framework; path = System/Library/Frameworks/Foundation.framework; sourceTree = SDKROOT; };
		C89A7D76174E0837006DFB76 /* get_ad2-Info.plist */ = {isa = PBXFileReference; lastKnownFileType = text.plist.xml; path = "get_ad2-Info.plist"; sourceTree = "<group>"; };
		C89A7D78174E0837006DFB76 /* en */ = {isa = PBXFileReference; lastKnownFileType = text.plist.strings; name = en; path = en.lproj/InfoPlist.strings; sourceTree = "<group>"; };
		C89A7D7A174E0837006DFB76 /* main.m */ = {isa = PBXFileReference; lastKnownFileType = sourcecode.c.objc; path = main.m; sourceTree = "<group>"; };
		C89A7D7E174E0837006DFB76 /* en */ = {isa = PBXFileReference; lastKnownFileType = text.rtf; name = en; path = en.lproj/Credits.rtf; sourceTree = "<group>"; };
		C89A7D80174E0837006DFB76 /* Document.h */ = {isa = PBXFileReference; lastKnownFileType = sourcecode.c.h; path = Document.h; sourceTree = "<group>"; };
		C89A7D81174E0837006DFB76 /* Document.mm */ = {isa = PBXFileReference; lastKnownFileType = sourcecode.cpp.objcpp; path = Document.mm; sourceTree = "<group>"; };
		C89A7D84174E0837006DFB76 /* en */ = {isa = PBXFileReference; lastKnownFileType = file.xib; name = en; path = en.lproj/Document.xib; sourceTree = "<group>"; };
		C89A7D87174E0837006DFB76 /* en */ = {isa = PBXFileReference; lastKnownFileType = file.xib; name = en; path = en.lproj/MainMenu.xib; sourceTree = "<group>"; };
		C89A7D8F174E08EE006DFB76 /* parse_data.cpp */ = {isa = PBXFileReference; fileEncoding = 4; lastKnownFileType = sourcecode.cpp.cpp; path = parse_data.cpp; sourceTree = "<group>"; };
		C89A7D90174E08EE006DFB76 /* parse_data.hpp */ = {isa = PBXFileReference; fileEncoding = 4; lastKnownFileType = sourcecode.cpp.h; path = parse_data.hpp; sourceTree = "<group>"; };
		C89A7D92174E08EE006DFB76 /* pugiconfig.hpp */ = {isa = PBXFileReference; fileEncoding = 4; lastKnownFileType = sourcecode.cpp.h; path = pugiconfig.hpp; sourceTree = "<group>"; };
		C89A7D93174E08EE006DFB76 /* pugixml.cpp */ = {isa = PBXFileReference; fileEncoding = 4; lastKnownFileType = sourcecode.cpp.cpp; path = pugixml.cpp; sourceTree = "<group>"; };
		C89A7D94174E08EE006DFB76 /* pugixml.hpp */ = {isa = PBXFileReference; fileEncoding = 4; lastKnownFileType = sourcecode.cpp.h; path = pugixml.hpp; sourceTree = "<group>"; };
		FD990E091775D7FA00690BFE /* codecvt_error_category.cpp */ = {isa = PBXFileReference; fileEncoding = 4; lastKnownFileType = sourcecode.cpp.cpp; path = codecvt_error_category.cpp; sourceTree = "<group>"; };
		FD990E0A1775D7FA00690BFE /* operations.cpp */ = {isa = PBXFileReference; fileEncoding = 4; lastKnownFileType = sourcecode.cpp.cpp; path = operations.cpp; sourceTree = "<group>"; };
		FD990E0B1775D7FA00690BFE /* path.cpp */ = {isa = PBXFileReference; fileEncoding = 4; lastKnownFileType = sourcecode.cpp.cpp; path = path.cpp; sourceTree = "<group>"; };
		FD990E0C1775D7FA00690BFE /* path_traits.cpp */ = {isa = PBXFileReference; fileEncoding = 4; lastKnownFileType = sourcecode.cpp.cpp; path = path_traits.cpp; sourceTree = "<group>"; };
		FD990E0D1775D7FA00690BFE /* portability.cpp */ = {isa = PBXFileReference; fileEncoding = 4; lastKnownFileType = sourcecode.cpp.cpp; path = portability.cpp; sourceTree = "<group>"; };
		FD990E0E1775D7FA00690BFE /* unique_path.cpp */ = {isa = PBXFileReference; fileEncoding = 4; lastKnownFileType = sourcecode.cpp.cpp; path = unique_path.cpp; sourceTree = "<group>"; };
		FD990E0F1775D7FA00690BFE /* utf8_codecvt_facet.cpp */ = {isa = PBXFileReference; fileEncoding = 4; lastKnownFileType = sourcecode.cpp.cpp; path = utf8_codecvt_facet.cpp; sourceTree = "<group>"; };
		FD990E101775D7FA00690BFE /* windows_file_codecvt.cpp */ = {isa = PBXFileReference; fileEncoding = 4; lastKnownFileType = sourcecode.cpp.cpp; path = windows_file_codecvt.cpp; sourceTree = "<group>"; };
		FD990E111775D7FA00690BFE /* windows_file_codecvt.hpp */ = {isa = PBXFileReference; fileEncoding = 4; lastKnownFileType = sourcecode.cpp.h; path = windows_file_codecvt.hpp; sourceTree = "<group>"; };
		FD990F041775D7FA00690BFE /* error_code.cpp */ = {isa = PBXFileReference; fileEncoding = 4; lastKnownFileType = sourcecode.cpp.cpp; path = error_code.cpp; sourceTree = "<group>"; };
		FD990F051775D7FA00690BFE /* local_free_on_destruction.hpp */ = {isa = PBXFileReference; fileEncoding = 4; lastKnownFileType = sourcecode.cpp.h; path = local_free_on_destruction.hpp; sourceTree = "<group>"; };
/* End PBXFileReference section */

/* Begin PBXFrameworksBuildPhase section */
		C89A7D68174E0837006DFB76 /* Frameworks */ = {
			isa = PBXFrameworksBuildPhase;
			buildActionMask = 2147483647;
			files = (
				C89A7D6F174E0837006DFB76 /* Cocoa.framework in Frameworks */,
			);
			runOnlyForDeploymentPostprocessing = 0;
		};
/* End PBXFrameworksBuildPhase section */

/* Begin PBXGroup section */
		C89A7D62174E0837006DFB76 = {
			isa = PBXGroup;
			children = (
				C89A7D74174E0837006DFB76 /* get_ad2 */,
				C89A7D6D174E0837006DFB76 /* Frameworks */,
				C89A7D6C174E0837006DFB76 /* Products */,
			);
			sourceTree = "<group>";
		};
		C89A7D6C174E0837006DFB76 /* Products */ = {
			isa = PBXGroup;
			children = (
				C89A7D6B174E0837006DFB76 /* get_ad2.app */,
			);
			name = Products;
			sourceTree = "<group>";
		};
		C89A7D6D174E0837006DFB76 /* Frameworks */ = {
			isa = PBXGroup;
			children = (
				C89A7D6E174E0837006DFB76 /* Cocoa.framework */,
				C89A7D70174E0837006DFB76 /* Other Frameworks */,
			);
			name = Frameworks;
			sourceTree = "<group>";
		};
		C89A7D70174E0837006DFB76 /* Other Frameworks */ = {
			isa = PBXGroup;
			children = (
				C89A7D71174E0837006DFB76 /* AppKit.framework */,
				C89A7D72174E0837006DFB76 /* CoreData.framework */,
				C89A7D73174E0837006DFB76 /* Foundation.framework */,
			);
			name = "Other Frameworks";
			sourceTree = "<group>";
		};
		C89A7D74174E0837006DFB76 /* get_ad2 */ = {
			isa = PBXGroup;
			children = (
				FD990EFC1775D7FA00690BFE /* system */,
				FD990D9B1775D7FA00690BFE /* filesystem */,
				C89A7D8E174E08EE006DFB76 /* parse_data */,
				C89A7D91174E08EE006DFB76 /* src */,
				C89A7D80174E0837006DFB76 /* Document.h */,
				C89A7D81174E0837006DFB76 /* Document.mm */,
				C89A7D83174E0837006DFB76 /* Document.xib */,
				C89A7D86174E0837006DFB76 /* MainMenu.xib */,
				C89A7D75174E0837006DFB76 /* Supporting Files */,
			);
			path = get_ad2;
			sourceTree = "<group>";
		};
		C89A7D75174E0837006DFB76 /* Supporting Files */ = {
			isa = PBXGroup;
			children = (
				C89A7D76174E0837006DFB76 /* get_ad2-Info.plist */,
				C89A7D77174E0837006DFB76 /* InfoPlist.strings */,
				C89A7D7A174E0837006DFB76 /* main.m */,
				C89A7D7D174E0837006DFB76 /* Credits.rtf */,
			);
			name = "Supporting Files";
			sourceTree = "<group>";
		};
		C89A7D8E174E08EE006DFB76 /* parse_data */ = {
			isa = PBXGroup;
			children = (
				C89A7D8F174E08EE006DFB76 /* parse_data.cpp */,
				C89A7D90174E08EE006DFB76 /* parse_data.hpp */,
			);
			path = parse_data;
			sourceTree = SOURCE_ROOT;
		};
		C89A7D91174E08EE006DFB76 /* src */ = {
			isa = PBXGroup;
			children = (
				C89A7D92174E08EE006DFB76 /* pugiconfig.hpp */,
				C89A7D93174E08EE006DFB76 /* pugixml.cpp */,
				C89A7D94174E08EE006DFB76 /* pugixml.hpp */,
			);
			path = src;
			sourceTree = SOURCE_ROOT;
		};
		FD990D9B1775D7FA00690BFE /* filesystem */ = {
			isa = PBXGroup;
			children = (
				FD990DDE1775D7FA00690BFE /* v3 */,
			);
			name = filesystem;
			path = ../../Shared/boost_1_46_1/boost_1_46_1/libs/filesystem;
			sourceTree = SOURCE_ROOT;
		};
		FD990DDE1775D7FA00690BFE /* v3 */ = {
			isa = PBXGroup;
			children = (
				FD990E081775D7FA00690BFE /* src */,
			);
			path = v3;
			sourceTree = "<group>";
		};
		FD990E081775D7FA00690BFE /* src */ = {
			isa = PBXGroup;
			children = (
				FD990E0D1775D7FA00690BFE /* portability.cpp */,
				FD990E091775D7FA00690BFE /* codecvt_error_category.cpp */,
				FD990E0A1775D7FA00690BFE /* operations.cpp */,
				FD990E0B1775D7FA00690BFE /* path.cpp */,
				FD990E0C1775D7FA00690BFE /* path_traits.cpp */,
				FD990E0E1775D7FA00690BFE /* unique_path.cpp */,
				FD990E0F1775D7FA00690BFE /* utf8_codecvt_facet.cpp */,
				FD990E101775D7FA00690BFE /* windows_file_codecvt.cpp */,
				FD990E111775D7FA00690BFE /* windows_file_codecvt.hpp */,
			);
			path = src;
			sourceTree = "<group>";
		};
		FD990EFC1775D7FA00690BFE /* system */ = {
			isa = PBXGroup;
			children = (
				FD990F031775D7FA00690BFE /* src */,
			);
			name = system;
			path = ../../Shared/boost_1_46_1/boost_1_46_1/libs/system;
			sourceTree = SOURCE_ROOT;
		};
		FD990F031775D7FA00690BFE /* src */ = {
			isa = PBXGroup;
			children = (
				FD990F041775D7FA00690BFE /* error_code.cpp */,
				FD990F051775D7FA00690BFE /* local_free_on_destruction.hpp */,
			);
			path = src;
			sourceTree = "<group>";
		};
/* End PBXGroup section */

/* Begin PBXNativeTarget section */
		C89A7D6A174E0837006DFB76 /* get_ad2 */ = {
			isa = PBXNativeTarget;
			buildConfigurationList = C89A7D8B174E0837006DFB76 /* Build configuration list for PBXNativeTarget "get_ad2" */;
			buildPhases = (
				C89A7D67174E0837006DFB76 /* Sources */,
				C89A7D68174E0837006DFB76 /* Frameworks */,
				C89A7D69174E0837006DFB76 /* Resources */,
			);
			buildRules = (
			);
			dependencies = (
			);
			name = get_ad2;
			productName = get_ad2;
			productReference = C89A7D6B174E0837006DFB76 /* get_ad2.app */;
			productType = "com.apple.product-type.application";
		};
/* End PBXNativeTarget section */

/* Begin PBXProject section */
		C89A7D63174E0837006DFB76 /* Project object */ = {
			isa = PBXProject;
			attributes = {
				LastUpgradeCheck = 0440;
				ORGANIZATIONNAME = wuheshun;
			};
			buildConfigurationList = C89A7D66174E0837006DFB76 /* Build configuration list for PBXProject "get_ad2" */;
			compatibilityVersion = "Xcode 3.2";
			hasScannedForEncodings = 0;
			knownRegions = (
				en,
			);
			mainGroup = C89A7D62174E0837006DFB76;
			productRefGroup = C89A7D6C174E0837006DFB76 /* Products */;
			projectDirPath = "";
			projectRoot = "";
			targets = (
				C89A7D6A174E0837006DFB76 /* get_ad2 */,
			);
		};
/* End PBXProject section */

/* Begin PBXResourcesBuildPhase section */
		C89A7D69174E0837006DFB76 /* Resources */ = {
			isa = PBXResourcesBuildPhase;
			buildActionMask = 2147483647;
			files = (
				C89A7D79174E0837006DFB76 /* InfoPlist.strings in Resources */,
				C89A7D7F174E0837006DFB76 /* Credits.rtf in Resources */,
				C89A7D85174E0837006DFB76 /* Document.xib in Resources */,
				C89A7D88174E0837006DFB76 /* MainMenu.xib in Resources */,
			);
			runOnlyForDeploymentPostprocessing = 0;
		};
/* End PBXResourcesBuildPhase section */

/* Begin PBXSourcesBuildPhase section */
		C89A7D67174E0837006DFB76 /* Sources */ = {
			isa = PBXSourcesBuildPhase;
			buildActionMask = 2147483647;
			files = (
				C89A7D7B174E0837006DFB76 /* main.m in Sources */,
				C89A7D82174E0837006DFB76 /* Document.mm in Sources */,
				C89A7D95174E08EE006DFB76 /* parse_data.cpp in Sources */,
				C89A7D96174E08EE006DFB76 /* pugixml.cpp in Sources */,
				FD990EBF1775D7FA00690BFE /* codecvt_error_category.cpp in Sources */,
				FD990EC01775D7FA00690BFE /* operations.cpp in Sources */,
				FD990EC11775D7FA00690BFE /* path.cpp in Sources */,
				FD990EC21775D7FA00690BFE /* path_traits.cpp in Sources */,
				FD990EC31775D7FA00690BFE /* portability.cpp in Sources */,
				FD990EC41775D7FA00690BFE /* unique_path.cpp in Sources */,
				FD990EC51775D7FA00690BFE /* utf8_codecvt_facet.cpp in Sources */,
				FD990EC61775D7FA00690BFE /* windows_file_codecvt.cpp in Sources */,
				FD990F181775D7FA00690BFE /* error_code.cpp in Sources */,
			);
			runOnlyForDeploymentPostprocessing = 0;
		};
/* End PBXSourcesBuildPhase section */

/* Begin PBXVariantGroup section */
		C89A7D77174E0837006DFB76 /* InfoPlist.strings */ = {
			isa = PBXVariantGroup;
			children = (
				C89A7D78174E0837006DFB76 /* en */,
			);
			name = InfoPlist.strings;
			sourceTree = "<group>";
		};
		C89A7D7D174E0837006DFB76 /* Credits.rtf */ = {
			isa = PBXVariantGroup;
			children = (
				C89A7D7E174E0837006DFB76 /* en */,
			);
			name = Credits.rtf;
			sourceTree = "<group>";
		};
		C89A7D83174E0837006DFB76 /* Document.xib */ = {
			isa = PBXVariantGroup;
			children = (
				C89A7D84174E0837006DFB76 /* en */,
			);
			name = Document.xib;
			sourceTree = "<group>";
		};
		C89A7D86174E0837006DFB76 /* MainMenu.xib */ = {
			isa = PBXVariantGroup;
			children = (
				C89A7D87174E0837006DFB76 /* en */,
			);
			name = MainMenu.xib;
			sourceTree = "<group>";
		};
/* End PBXVariantGroup section */

/* Begin XCBuildConfiguration section */
		C89A7D89174E0837006DFB76 /* Debug */ = {
			isa = XCBuildConfiguration;
			buildSettings = {
				ALWAYS_SEARCH_USER_PATHS = NO;
				ARCHS = "$(ARCHS_STANDARD_64_BIT)";
				CLANG_CXX_LANGUAGE_STANDARD = "gnu++0x";
				CLANG_CXX_LIBRARY = "libc++";
				CLANG_WARN_CONSTANT_CONVERSION = YES;
				CLANG_WARN_EMPTY_BODY = YES;
				CLANG_WARN_ENUM_CONVERSION = YES;
				CLANG_WARN_INT_CONVERSION = YES;
				CLANG_WARN__DUPLICATE_METHOD_MATCH = YES;
				COPY_PHASE_STRIP = NO;
				GCC_C_LANGUAGE_STANDARD = gnu99;
				GCC_DYNAMIC_NO_PIC = NO;
				GCC_ENABLE_OBJC_EXCEPTIONS = YES;
				GCC_OPTIMIZATION_LEVEL = 0;
				GCC_PREPROCESSOR_DEFINITIONS = (
					"DEBUG=1",
					"$(inherited)",
				);
				GCC_SYMBOLS_PRIVATE_EXTERN = NO;
				GCC_WARN_64_TO_32_BIT_CONVERSION = YES;
				GCC_WARN_ABOUT_RETURN_TYPE = YES;
				GCC_WARN_UNINITIALIZED_AUTOS = YES;
				GCC_WARN_UNUSED_VARIABLE = YES;
				MACOSX_DEPLOYMENT_TARGET = 10.8;
				ONLY_ACTIVE_ARCH = YES;
				SDKROOT = macosx;
			};
			name = Debug;
		};
		C89A7D8A174E0837006DFB76 /* Release */ = {
			isa = XCBuildConfiguration;
			buildSettings = {
				ALWAYS_SEARCH_USER_PATHS = NO;
				ARCHS = "$(ARCHS_STANDARD_32_64_BIT)";
				CLANG_CXX_LANGUAGE_STANDARD = "gnu++0x";
				CLANG_CXX_LIBRARY = "libc++";
				CLANG_WARN_CONSTANT_CONVERSION = YES;
				CLANG_WARN_EMPTY_BODY = YES;
				CLANG_WARN_ENUM_CONVERSION = YES;
				CLANG_WARN_INT_CONVERSION = YES;
				CLANG_WARN__DUPLICATE_METHOD_MATCH = YES;
				COPY_PHASE_STRIP = YES;
				DEBUG_INFORMATION_FORMAT = "dwarf-with-dsym";
				GCC_C_LANGUAGE_STANDARD = gnu99;
				GCC_ENABLE_OBJC_EXCEPTIONS = YES;
				GCC_VERSION = 4.2;
				GCC_WARN_64_TO_32_BIT_CONVERSION = YES;
				GCC_WARN_ABOUT_RETURN_TYPE = YES;
				GCC_WARN_UNINITIALIZED_AUTOS = YES;
				GCC_WARN_UNUSED_VARIABLE = YES;
				LIBRARY_SEARCH_PATHS = /Users/Shared/include;
				MACOSX_DEPLOYMENT_TARGET = 10.8;
				SDKROOT = "";
			};
			name = Release;
		};
		C89A7D8C174E0837006DFB76 /* Debug */ = {
			isa = XCBuildConfiguration;
			buildSettings = {
				COMBINE_HIDPI_IMAGES = YES;
				GCC_PRECOMPILE_PREFIX_HEADER = YES;
				GCC_PREFIX_HEADER = "get_ad2/get_ad2-Prefix.pch";
				GCC_VERSION = com.apple.compilers.llvmgcc42;
				HEADER_SEARCH_PATHS = /Users/Shared/include;
				INFOPLIST_FILE = "get_ad2/get_ad2-Info.plist";
				MACOSX_DEPLOYMENT_TARGET = 10.7;
				ONLY_ACTIVE_ARCH = YES;
				PRODUCT_NAME = "$(TARGET_NAME)";
				SDKROOT = macosx10.7;
				USER_HEADER_SEARCH_PATHS = /Users/Shared/boost_1_46_1/boost_1_46_1;
				WRAPPER_EXTENSION = app;
			};
			name = Debug;
		};
		C89A7D8D174E0837006DFB76 /* Release */ = {
			isa = XCBuildConfiguration;
			buildSettings = {
				COMBINE_HIDPI_IMAGES = YES;
				GCC_PRECOMPILE_PREFIX_HEADER = YES;
				GCC_PREFIX_HEADER = "get_ad2/get_ad2-Prefix.pch";
				GCC_VERSION = com.apple.compilers.llvmgcc42;
				HEADER_SEARCH_PATHS = /Users/Shared/include;
				INFOPLIST_FILE = "get_ad2/get_ad2-Info.plist";
				MACOSX_DEPLOYMENT_TARGET = 10.7;
				ONLY_ACTIVE_ARCH = YES;
				PRODUCT_NAME = "$(TARGET_NAME)";
				SDKROOT = macosx10.7;
				USER_HEADER_SEARCH_PATHS = /Users/Shared/boost_1_46_1/boost_1_46_1;
				WRAPPER_EXTENSION = app;
			};
			name = Release;
		};
/* End XCBuildConfiguration section */

/* Begin XCConfigurationList section */
		C89A7D66174E0837006DFB76 /* Build configuration list for PBXProject "get_ad2" */ = {
			isa = XCConfigurationList;
			buildConfigurations = (
				C89A7D89174E0837006DFB76 /* Debug */,
				C89A7D8A174E0837006DFB76 /* Release */,
			);
			defaultConfigurationIsVisible = 0;
			defaultConfigurationName = Release;
		};
		C89A7D8B174E0837006DFB76 /* Build configuration list for PBXNativeTarget "get_ad2" */ = {
			isa = XCConfigurationList;
			buildConfigurations = (
				C89A7D8C174E0837006DFB76 /* Debug */,
				C89A7D8D174E0837006DFB76 /* Release */,
			);
			defaultConfigurationIsVisible = 0;
			defaultConfigurationName = Release;
		};
/* End XCConfigurationList section */
	};
	rootObject = C89A7D63174E0837006DFB76 /* Project object */;
}
